
Microsoft Visual Studio Solution File, Format Version 11.00
# Visual Studio 2010
Project("{FAE04EC0-301F-11D3-BF4B-00C04F79EFBC}") = "IsoViewer", "IsoViewer\IsoViewer.csproj", "{4CD75365-8196-4CE9-8FEB-9CBB38BCC4FF}"
EndProject
Project("{54435603-DBB4-11D2-8724-00A0C9A8B90C}") = "IsoViewerSetup", "IsoViewerSetup\IsoViewerSetup.vdproj", "{EEC5196C-315B-4847-AF84-1C9CDF5E4EAB}"
EndProject
Global
	GlobalSection(MercurialSourceControlSolutionProperties) = preSolution
		SolutionIsControlled = True
		SolutionBindings = <Solution Location In Database>
	EndGlobalSection
	GlobalSection(SolutionConfigurationPlatforms) = preSolution
		Debug|Any CPU = Debug|Any CPU
		Debug|x86 = Debug|x86
		Release|Any CPU = Release|Any CPU
		Release|x86 = Release|x86
	EndGlobalSection
	GlobalSection(ProjectConfigurationPlatforms) = postSolution
		{4CD75365-8196-4CE9-8FEB-9CBB38BCC4FF}.Debug|Any CPU.ActiveCfg = Debug|Any CPU
		{4CD75365-8196-4CE9-8FEB-9CBB38BCC4FF}.Debug|Any CPU.Build.0 = Debug|Any CPU
		{4CD75365-8196-4CE9-8FEB-9CBB38BCC4FF}.Debug|x86.ActiveCfg = Debug|x86
		{4CD75365-8196-4CE9-8FEB-9CBB38BCC4FF}.Debug|x86.Build.0 = Debug|x86
		{4CD75365-8196-4CE9-8FEB-9CBB38BCC4FF}.Release|Any CPU.ActiveCfg = Release|Any CPU
		{4CD75365-8196-4CE9-8FEB-9CBB38BCC4FF}.Release|Any CPU.Build.0 = Release|Any CPU
		{4CD75365-8196-4CE9-8FEB-9CBB38BCC4FF}.Release|x86.ActiveCfg = Release|x86
		{4CD75365-8196-4CE9-8FEB-9CBB38BCC4FF}.Release|x86.Build.0 = Release|x86
		{EEC5196C-315B-4847-AF84-1C9CDF5E4EAB}.Debug|Any CPU.ActiveCfg = Debug
		{EEC5196C-315B-4847-AF84-1C9CDF5E4EAB}.Debug|x86.ActiveCfg = Debug
		{EEC5196C-315B-4847-AF84-1C9CDF5E4EAB}.Release|Any CPU.ActiveCfg = Release
		{EEC5196C-315B-4847-AF84-1C9CDF5E4EAB}.Release|x86.ActiveCfg = Release
	EndGlobalSection
	GlobalSection(SolutionProperties) = preSolution
		HideSolutionNode = FALSE
	EndGlobalSection
EndGlobal
